
Microsoft Visual Studio Solution File, Format Version 12.00
# Visual Studio Version 16
VisualStudioVersion = 16.0.30804.86
MinimumVisualStudioVersion = 10.0.40219.1
Project("{FAE04EC0-301F-11D3-BF4B-00C04F79EFBC}") = "DataAccess", "DataAccess\DataAccess.csproj", "{98D6BEAA-EE46-47E2-9D08-566EF556E233}"
EndProject
Project("{FAE04EC0-301F-11D3-BF4B-00C04F79EFBC}") = "Business", "Business\Business.csproj", "{04C0657A-F269-4E2F-AD0A-1A0A88C021A7}"
EndProject
Project("{FAE04EC0-301F-11D3-BF4B-00C04F79EFBC}") = "Entities", "Entities\Entities.csproj", "{38EA1288-A626-48B1-896C-F23A053AB9E5}"
EndProject
Project("{FAE04EC0-301F-11D3-BF4B-00C04F79EFBC}") = "ConsoleUI", "ConsoleUI\ConsoleUI.csproj", "{D334D5B5-1EBB-4EF8-A6F3-0490312F14FE}"
EndProject
Global
	GlobalSection(SolutionConfigurationPlatforms) = preSolution
		Debug|Any CPU = Debug|Any CPU
		Release|Any CPU = Release|Any CPU
	EndGlobalSection
	GlobalSection(ProjectConfigurationPlatforms) = postSolution
		{98D6BEAA-EE46-47E2-9D08-566EF556E233}.Debug|Any CPU.ActiveCfg = Debug|Any CPU
		{98D6BEAA-EE46-47E2-9D08-566EF556E233}.Debug|Any CPU.Build.0 = Debug|Any CPU
		{98D6BEAA-EE46-47E2-9D08-566EF556E233}.Release|Any CPU.ActiveCfg = Release|Any CPU
		{98D6BEAA-EE46-47E2-9D08-566EF556E233}.Release|Any CPU.Build.0 = Release|Any CPU
		{04C0657A-F269-4E2F-AD0A-1A0A88C021A7}.Debug|Any CPU.ActiveCfg = Debug|Any CPU
		{04C0657A-F269-4E2F-AD0A-1A0A88C021A7}.Debug|Any CPU.Build.0 = Debug|Any CPU
		{04C0657A-F269-4E2F-AD0A-1A0A88C021A7}.Release|Any CPU.ActiveCfg = Release|Any CPU
		{04C0657A-F269-4E2F-AD0A-1A0A88C021A7}.Release|Any CPU.Build.0 = Release|Any CPU
		{38EA1288-A626-48B1-896C-F23A053AB9E5}.Debug|Any CPU.ActiveCfg = Debug|Any CPU
		{38EA1288-A626-48B1-896C-F23A053AB9E5}.Debug|Any CPU.Build.0 = Debug|Any CPU
		{38EA1288-A626-48B1-896C-F23A053AB9E5}.Release|Any CPU.ActiveCfg = Release|Any CPU
		{38EA1288-A626-48B1-896C-F23A053AB9E5}.Release|Any CPU.Build.0 = Release|Any CPU
		{D334D5B5-1EBB-4EF8-A6F3-0490312F14FE}.Debug|Any CPU.ActiveCfg = Debug|Any CPU
		{D334D5B5-1EBB-4EF8-A6F3-0490312F14FE}.Debug|Any CPU.Build.0 = Debug|Any CPU
		{D334D5B5-1EBB-4EF8-A6F3-0490312F14FE}.Release|Any CPU.ActiveCfg = Release|Any CPU
		{D334D5B5-1EBB-4EF8-A6F3-0490312F14FE}.Release|Any CPU.Build.0 = Release|Any CPU
	EndGlobalSection
	GlobalSection(SolutionProperties) = preSolution
		HideSolutionNode = FALSE
	EndGlobalSection
	GlobalSection(ExtensibilityGlobals) = postSolution
		SolutionGuid = {CA1CEE89-C649-4BE1-B247-68B4A5C76E2B}
	EndGlobalSection
EndGlobal
